
Microsoft Visual Studio Solution File, Format Version 12.00
# Visual Studio Version 16
VisualStudioVersion = 16.0.30709.132
MinimumVisualStudioVersion = 10.0.40219.1
Project("{9A19103F-16F7-4668-BE54-9A1E7A4F7556}") = "FoodShopBot", "FoodShop\FoodShopBot.csproj", "{EB16813E-EE73-4637-AD72-5FE4D307D0EE}"
EndProject
Project("{9A19103F-16F7-4668-BE54-9A1E7A4F7556}") = "FoodShop.Domain", "FoodShop.Domain\FoodShop.Domain.csproj", "{C4240F8B-B6F5-44B9-A92A-37F0154DB733}"
EndProject
Project("{9A19103F-16F7-4668-BE54-9A1E7A4F7556}") = "FoodShop.Core", "FoodShop.Core\FoodShop.Core.csproj", "{52DF4A85-DCBE-4284-83B6-D51BEE2D2957}"
EndProject
Project("{9A19103F-16F7-4668-BE54-9A1E7A4F7556}") = "FoodShop.CognitiveServices.Core", "FoodShop.CognitiveServices.Core\FoodShop.CognitiveServices.Core.csproj", "{22613C63-596F-460E-B393-D839A1FFDACE}"
EndProject
Project("{9A19103F-16F7-4668-BE54-9A1E7A4F7556}") = "FoodShop.CognitiveServices.Domain", "FoodShop.CognitiveServices.Domain\FoodShop.CognitiveServices.Domain.csproj", "{D0FE6702-26CD-4C9C-A45F-D2FA355DAB97}"
EndProject
Global
	GlobalSection(SolutionConfigurationPlatforms) = preSolution
		Debug|Any CPU = Debug|Any CPU
		Release|Any CPU = Release|Any CPU
	EndGlobalSection
	GlobalSection(ProjectConfigurationPlatforms) = postSolution
		{EB16813E-EE73-4637-AD72-5FE4D307D0EE}.Debug|Any CPU.ActiveCfg = Debug|Any CPU
		{EB16813E-EE73-4637-AD72-5FE4D307D0EE}.Debug|Any CPU.Build.0 = Debug|Any CPU
		{EB16813E-EE73-4637-AD72-5FE4D307D0EE}.Release|Any CPU.ActiveCfg = Release|Any CPU
		{EB16813E-EE73-4637-AD72-5FE4D307D0EE}.Release|Any CPU.Build.0 = Release|Any CPU
		{C4240F8B-B6F5-44B9-A92A-37F0154DB733}.Debug|Any CPU.ActiveCfg = Debug|Any CPU
		{C4240F8B-B6F5-44B9-A92A-37F0154DB733}.Debug|Any CPU.Build.0 = Debug|Any CPU
		{C4240F8B-B6F5-44B9-A92A-37F0154DB733}.Release|Any CPU.ActiveCfg = Release|Any CPU
		{C4240F8B-B6F5-44B9-A92A-37F0154DB733}.Release|Any CPU.Build.0 = Release|Any CPU
		{52DF4A85-DCBE-4284-83B6-D51BEE2D2957}.Debug|Any CPU.ActiveCfg = Debug|Any CPU
		{52DF4A85-DCBE-4284-83B6-D51BEE2D2957}.Debug|Any CPU.Build.0 = Debug|Any CPU
		{52DF4A85-DCBE-4284-83B6-D51BEE2D2957}.Release|Any CPU.ActiveCfg = Release|Any CPU
		{52DF4A85-DCBE-4284-83B6-D51BEE2D2957}.Release|Any CPU.Build.0 = Release|Any CPU
		{22613C63-596F-460E-B393-D839A1FFDACE}.Debug|Any CPU.ActiveCfg = Debug|Any CPU
		{22613C63-596F-460E-B393-D839A1FFDACE}.Debug|Any CPU.Build.0 = Debug|Any CPU
		{22613C63-596F-460E-B393-D839A1FFDACE}.Release|Any CPU.ActiveCfg = Release|Any CPU
		{22613C63-596F-460E-B393-D839A1FFDACE}.Release|Any CPU.Build.0 = Release|Any CPU
		{D0FE6702-26CD-4C9C-A45F-D2FA355DAB97}.Debug|Any CPU.ActiveCfg = Debug|Any CPU
		{D0FE6702-26CD-4C9C-A45F-D2FA355DAB97}.Debug|Any CPU.Build.0 = Debug|Any CPU
		{D0FE6702-26CD-4C9C-A45F-D2FA355DAB97}.Release|Any CPU.ActiveCfg = Release|Any CPU
		{D0FE6702-26CD-4C9C-A45F-D2FA355DAB97}.Release|Any CPU.Build.0 = Release|Any CPU
	EndGlobalSection
	GlobalSection(SolutionProperties) = preSolution
		HideSolutionNode = FALSE
	EndGlobalSection
	GlobalSection(ExtensibilityGlobals) = postSolution
		SolutionGuid = {83BB8F0F-9F17-4384-B4DF-B74A64436651}
	EndGlobalSection
EndGlobal
